
Microsoft Visual Studio Solution File, Format Version 12.00
# Visual Studio Version 18
VisualStudioVersion = 18.3.11312.210 d18.3
MinimumVisualStudioVersion = 10.0.40219.1
Project("{9A19103F-16F7-4668-BE54-9A1E7A4F7556}") = "UniversalGametypeEditor", "UniversalGametypeEditor\UniversalGametypeEditor.csproj", "{B434F374-D9F0-4CE0-AEDE-5F0D217A52EA}"
EndProject
Project("{2150E333-8FDC-42A3-9474-1A3956D46DE8}") = "Solution Items", "Solution Items", "{1EC96288-D520-481F-801A-40B95F59CC9A}"
EndProject
Project("{FAE04EC0-301F-11D3-BF4B-00C04F79EFBC}") = "Updater", "Updater\Updater.csproj", "{8AD25FD1-84BE-4238-8D1D-FFCA659E4B13}"
EndProject
Global
	GlobalSection(SolutionConfigurationPlatforms) = preSolution
		Debug|Any CPU = Debug|Any CPU
		Debug|x64 = Debug|x64
		Release|Any CPU = Release|Any CPU
		Release|x64 = Release|x64
	EndGlobalSection
	GlobalSection(ProjectConfigurationPlatforms) = postSolution
		{B434F374-D9F0-4CE0-AEDE-5F0D217A52EA}.Debug|Any CPU.ActiveCfg = Debug|Any CPU
		{B434F374-D9F0-4CE0-AEDE-5F0D217A52EA}.Debug|Any CPU.Build.0 = Debug|Any CPU
		{B434F374-D9F0-4CE0-AEDE-5F0D217A52EA}.Debug|x64.ActiveCfg = Debug|x64
		{B434F374-D9F0-4CE0-AEDE-5F0D217A52EA}.Debug|x64.Build.0 = Debug|x64
		{B434F374-D9F0-4CE0-AEDE-5F0D217A52EA}.Release|Any CPU.ActiveCfg = Release|Any CPU
		{B434F374-D9F0-4CE0-AEDE-5F0D217A52EA}.Release|Any CPU.Build.0 = Release|Any CPU
		{B434F374-D9F0-4CE0-AEDE-5F0D217A52EA}.Release|x64.ActiveCfg = Release|x64
		{B434F374-D9F0-4CE0-AEDE-5F0D217A52EA}.Release|x64.Build.0 = Release|x64
		{8AD25FD1-84BE-4238-8D1D-FFCA659E4B13}.Debug|Any CPU.ActiveCfg = Debug|Any CPU
		{8AD25FD1-84BE-4238-8D1D-FFCA659E4B13}.Debug|Any CPU.Build.0 = Debug|Any CPU
		{8AD25FD1-84BE-4238-8D1D-FFCA659E4B13}.Debug|x64.ActiveCfg = Debug|Any CPU
		{8AD25FD1-84BE-4238-8D1D-FFCA659E4B13}.Debug|x64.Build.0 = Debug|Any CPU
		{8AD25FD1-84BE-4238-8D1D-FFCA659E4B13}.Release|Any CPU.ActiveCfg = Release|Any CPU
		{8AD25FD1-84BE-4238-8D1D-FFCA659E4B13}.Release|Any CPU.Build.0 = Release|Any CPU
		{8AD25FD1-84BE-4238-8D1D-FFCA659E4B13}.Release|x64.ActiveCfg = Release|Any CPU
		{8AD25FD1-84BE-4238-8D1D-FFCA659E4B13}.Release|x64.Build.0 = Release|Any CPU
	EndGlobalSection
	GlobalSection(SolutionProperties) = preSolution
		HideSolutionNode = FALSE
	EndGlobalSection
	GlobalSection(ExtensibilityGlobals) = postSolution
		SolutionGuid = {9D0DCB1B-1B20-4369-A0F5-03EE08327C3B}
	EndGlobalSection
EndGlobal
