
Microsoft Visual Studio Solution File, Format Version 12.00
# Visual Studio Version 17
VisualStudioVersion = 17.4.33122.133
MinimumVisualStudioVersion = 10.0.40219.1
Project("{FAE04EC0-301F-11D3-BF4B-00C04F79EFBC}") = "UniversalGametypeEditor", "UniversalGametypeEditor\UniversalGametypeEditor.csproj", "{B434F374-D9F0-4CE0-AEDE-5F0D217A52EA}"
EndProject
Global
	GlobalSection(SolutionConfigurationPlatforms) = preSolution
		Debug|Any CPU = Debug|Any CPU
		Release|Any CPU = Release|Any CPU
	EndGlobalSection
	GlobalSection(ProjectConfigurationPlatforms) = postSolution
		{B434F374-D9F0-4CE0-AEDE-5F0D217A52EA}.Debug|Any CPU.ActiveCfg = Debug|Any CPU
		{B434F374-D9F0-4CE0-AEDE-5F0D217A52EA}.Debug|Any CPU.Build.0 = Debug|Any CPU
		{B434F374-D9F0-4CE0-AEDE-5F0D217A52EA}.Release|Any CPU.ActiveCfg = Release|Any CPU
		{B434F374-D9F0-4CE0-AEDE-5F0D217A52EA}.Release|Any CPU.Build.0 = Release|Any CPU
	EndGlobalSection
	GlobalSection(SolutionProperties) = preSolution
		HideSolutionNode = FALSE
	EndGlobalSection
	GlobalSection(ExtensibilityGlobals) = postSolution
		SolutionGuid = {9D0DCB1B-1B20-4369-A0F5-03EE08327C3B}
	EndGlobalSection
EndGlobal
