Microsoft Visual Studio Solution File, Format Version 12.00
# Visual Studio Version 17
VisualStudioVersion = 17.5.2.0
MinimumVisualStudioVersion = 10.0.40219.1
Project("{FAE04EC0-301F-11D3-BF4B-00C04F79EFBC}") = "UniversalGametypeEditor", "UniversalGametypeEditor.csproj", "{ACFA513E-2A98-3E11-6BE0-FCB73F985259}"
EndProject
Global
	GlobalSection(SolutionConfigurationPlatforms) = preSolution
		Debug|Any CPU = Debug|Any CPU
		Release|Any CPU = Release|Any CPU
	EndGlobalSection
	GlobalSection(ProjectConfigurationPlatforms) = postSolution
		{ACFA513E-2A98-3E11-6BE0-FCB73F985259}.Debug|Any CPU.ActiveCfg = Debug|Any CPU
		{ACFA513E-2A98-3E11-6BE0-FCB73F985259}.Debug|Any CPU.Build.0 = Debug|Any CPU
		{ACFA513E-2A98-3E11-6BE0-FCB73F985259}.Release|Any CPU.ActiveCfg = Release|Any CPU
		{ACFA513E-2A98-3E11-6BE0-FCB73F985259}.Release|Any CPU.Build.0 = Release|Any CPU
	EndGlobalSection
	GlobalSection(SolutionProperties) = preSolution
		HideSolutionNode = FALSE
	EndGlobalSection
	GlobalSection(ExtensibilityGlobals) = postSolution
		SolutionGuid = {E6EFD66C-DCAF-4A4D-B6D9-FDA2DD68D3C6}
	EndGlobalSection
EndGlobal
